Microsoft Visual Studio Solution File, Format Version 12.00
# Visual Studio 14
Project("{8BC9CEB8-8B4A-11D0-8D11-00A0C91BC942}") = "ALL_BUILD", "ALL_BUILD.vcxproj", "{732DD075-980A-3A58-89EA-3BC36189D352}"
	ProjectSection(ProjectDependencies) = postProject
		{08E2AE8E-EFEC-35BC-B0BC-92D94705C409} = {08E2AE8E-EFEC-35BC-B0BC-92D94705C409}
		{2F2B1DD8-BE3A-3692-A652-0058B56A1EF0} = {2F2B1DD8-BE3A-3692-A652-0058B56A1EF0}
	EndProjectSection
EndProject
Project("{8BC9CEB8-8B4A-11D0-8D11-00A0C91BC942}") = "ZERO_CHECK", "ZERO_CHECK.vcxproj", "{08E2AE8E-EFEC-35BC-B0BC-92D94705C409}"
	ProjectSection(ProjectDependencies) = postProject
	EndProjectSection
EndProject
Project("{8BC9CEB8-8B4A-11D0-8D11-00A0C91BC942}") = "security", "security.vcxproj", "{2F2B1DD8-BE3A-3692-A652-0058B56A1EF0}"
	ProjectSection(ProjectDependencies) = postProject
		{08E2AE8E-EFEC-35BC-B0BC-92D94705C409} = {08E2AE8E-EFEC-35BC-B0BC-92D94705C409}
	EndProjectSection
EndProject
Global
	GlobalSection(SolutionConfigurationPlatforms) = preSolution
		Debug|Win32 = Debug|Win32
		Release|Win32 = Release|Win32
		MinSizeRel|Win32 = MinSizeRel|Win32
		RelWithDebInfo|Win32 = RelWithDebInfo|Win32
	EndGlobalSection
	GlobalSection(ProjectConfigurationPlatforms) = postSolution
		{732DD075-980A-3A58-89EA-3BC36189D352}.Debug|Win32.ActiveCfg = Debug|Win32
		{732DD075-980A-3A58-89EA-3BC36189D352}.Release|Win32.ActiveCfg = Release|Win32
		{732DD075-980A-3A58-89EA-3BC36189D352}.MinSizeRel|Win32.ActiveCfg = MinSizeRel|Win32
		{732DD075-980A-3A58-89EA-3BC36189D352}.RelWithDebInfo|Win32.ActiveCfg = RelWithDebInfo|Win32
		{08E2AE8E-EFEC-35BC-B0BC-92D94705C409}.Debug|Win32.ActiveCfg = Debug|Win32
		{08E2AE8E-EFEC-35BC-B0BC-92D94705C409}.Debug|Win32.Build.0 = Debug|Win32
		{08E2AE8E-EFEC-35BC-B0BC-92D94705C409}.Release|Win32.ActiveCfg = Release|Win32
		{08E2AE8E-EFEC-35BC-B0BC-92D94705C409}.Release|Win32.Build.0 = Release|Win32
		{08E2AE8E-EFEC-35BC-B0BC-92D94705C409}.MinSizeRel|Win32.ActiveCfg = MinSizeRel|Win32
		{08E2AE8E-EFEC-35BC-B0BC-92D94705C409}.MinSizeRel|Win32.Build.0 = MinSizeRel|Win32
		{08E2AE8E-EFEC-35BC-B0BC-92D94705C409}.RelWithDebInfo|Win32.ActiveCfg = RelWithDebInfo|Win32
		{08E2AE8E-EFEC-35BC-B0BC-92D94705C409}.RelWithDebInfo|Win32.Build.0 = RelWithDebInfo|Win32
		{2F2B1DD8-BE3A-3692-A652-0058B56A1EF0}.Debug|Win32.ActiveCfg = Debug|Win32
		{2F2B1DD8-BE3A-3692-A652-0058B56A1EF0}.Debug|Win32.Build.0 = Debug|Win32
		{2F2B1DD8-BE3A-3692-A652-0058B56A1EF0}.Release|Win32.ActiveCfg = Release|Win32
		{2F2B1DD8-BE3A-3692-A652-0058B56A1EF0}.Release|Win32.Build.0 = Release|Win32
		{2F2B1DD8-BE3A-3692-A652-0058B56A1EF0}.MinSizeRel|Win32.ActiveCfg = MinSizeRel|Win32
		{2F2B1DD8-BE3A-3692-A652-0058B56A1EF0}.MinSizeRel|Win32.Build.0 = MinSizeRel|Win32
		{2F2B1DD8-BE3A-3692-A652-0058B56A1EF0}.RelWithDebInfo|Win32.ActiveCfg = RelWithDebInfo|Win32
		{2F2B1DD8-BE3A-3692-A652-0058B56A1EF0}.RelWithDebInfo|Win32.Build.0 = RelWithDebInfo|Win32
	EndGlobalSection
	GlobalSection(ExtensibilityGlobals) = postSolution
		SolutionGuid = {2E10C9B6-3BA4-3F0F-8677-1D57584DBA4A}
	EndGlobalSection
	GlobalSection(ExtensibilityAddIns) = postSolution
	EndGlobalSection
EndGlobal
